
Microsoft Visual Studio Solution File, Format Version 12.00
# Visual Studio Version 16
VisualStudioVersion = 16.0.30523.141
MinimumVisualStudioVersion = 10.0.40219.1
Project("{FAE04EC0-301F-11D3-BF4B-00C04F79EFBC}") = "Articles", "Articles.csproj", "{DAACCDC4-B1FD-4469-80BC-C3AAA7B75A6C}"
EndProject
Global
	GlobalSection(SolutionConfigurationPlatforms) = preSolution
		Debug|Any CPU = Debug|Any CPU
		Release|Any CPU = Release|Any CPU
	EndGlobalSection
	GlobalSection(ProjectConfigurationPlatforms) = postSolution
		{DAACCDC4-B1FD-4469-80BC-C3AAA7B75A6C}.Debug|Any CPU.ActiveCfg = Debug|Any CPU
		{DAACCDC4-B1FD-4469-80BC-C3AAA7B75A6C}.Debug|Any CPU.Build.0 = Debug|Any CPU
		{DAACCDC4-B1FD-4469-80BC-C3AAA7B75A6C}.Release|Any CPU.ActiveCfg = Release|Any CPU
		{DAACCDC4-B1FD-4469-80BC-C3AAA7B75A6C}.Release|Any CPU.Build.0 = Release|Any CPU
	EndGlobalSection
	GlobalSection(SolutionProperties) = preSolution
		HideSolutionNode = FALSE
	EndGlobalSection
	GlobalSection(ExtensibilityGlobals) = postSolution
		SolutionGuid = {0E0208F1-8A3F-45EC-837F-C47F4F46FE71}
	EndGlobalSection
EndGlobal
